
Microsoft Visual Studio Solution File, Format Version 12.00
# Visual Studio Version 16
VisualStudioVersion = 16.0.31624.102
MinimumVisualStudioVersion = 10.0.40219.1
Project("{FAE04EC0-301F-11D3-BF4B-00C04F79EFBC}") = "DependencyInjectionPractice", "DependencyInjectionPractice\DependencyInjectionPractice.csproj", "{E2DE0410-BE68-4BEE-8717-C253A43CEB2B}"
EndProject
Global
	GlobalSection(SolutionConfigurationPlatforms) = preSolution
		Debug|Any CPU = Debug|Any CPU
		Release|Any CPU = Release|Any CPU
	EndGlobalSection
	GlobalSection(ProjectConfigurationPlatforms) = postSolution
		{E2DE0410-BE68-4BEE-8717-C253A43CEB2B}.Debug|Any CPU.ActiveCfg = Debug|Any CPU
		{E2DE0410-BE68-4BEE-8717-C253A43CEB2B}.Debug|Any CPU.Build.0 = Debug|Any CPU
		{E2DE0410-BE68-4BEE-8717-C253A43CEB2B}.Release|Any CPU.ActiveCfg = Release|Any CPU
		{E2DE0410-BE68-4BEE-8717-C253A43CEB2B}.Release|Any CPU.Build.0 = Release|Any CPU
	EndGlobalSection
	GlobalSection(SolutionProperties) = preSolution
		HideSolutionNode = FALSE
	EndGlobalSection
	GlobalSection(ExtensibilityGlobals) = postSolution
		SolutionGuid = {C13121DC-A0BE-4FBA-A8B9-6310460F806B}
	EndGlobalSection
EndGlobal
